// !$*UTF8*$!
{
	archiveVersion = 1;
	classes = {
	};
	objectVersion = 50;
	objects = {

/* Begin PBXBuildFile section */
		AC3AE59E260ED68900E90872 /* SizingViewsProperlyPracticeApp.swift in Sources */ = {isa = PBXBuildFile; fileRef = AC3AE58B260ED68800E90872 /* SizingViewsProperlyPracticeApp.swift */; };
		AC3AE59F260ED68900E90872 /* SizingViewsProperlyPracticeApp.swift in Sources */ = {isa = PBXBuildFile; fileRef = AC3AE58B260ED68800E90872 /* SizingViewsProperlyPracticeApp.swift */; };
		AC3AE5A0260ED68900E90872 /* ContentView.swift in Sources */ = {isa = PBXBuildFile; fileRef = AC3AE58C260ED68800E90872 /* ContentView.swift */; };
		AC3AE5A1260ED68900E90872 /* ContentView.swift in Sources */ = {isa = PBXBuildFile; fileRef = AC3AE58C260ED68800E90872 /* ContentView.swift */; };
		AC3AE5A2260ED68900E90872 /* Assets.xcassets in Resources */ = {isa = PBXBuildFile; fileRef = AC3AE58D260ED68800E90872 /* Assets.xcassets */; };
		AC3AE5A3260ED68900E90872 /* Assets.xcassets in Resources */ = {isa = PBXBuildFile; fileRef = AC3AE58D260ED68800E90872 /* Assets.xcassets */; };
/* End PBXBuildFile section */

/* Begin PBXFileReference section */
		AC3AE58B260ED68800E90872 /* SizingViewsProperlyPracticeApp.swift */ = {isa = PBXFileReference; lastKnownFileType = sourcecode.swift; path = SizingViewsProperlyPracticeApp.swift; sourceTree = "<group>"; };
		AC3AE58C260ED68800E90872 /* ContentView.swift */ = {isa = PBXFileReference; lastKnownFileType = sourcecode.swift; path = ContentView.swift; sourceTree = "<group>"; };
		AC3AE58D260ED68800E90872 /* Assets.xcassets */ = {isa = PBXFileReference; lastKnownFileType = folder.assetcatalog; path = Assets.xcassets; sourceTree = "<group>"; };
		AC3AE592260ED68800E90872 /* SizingViewsProperlyPractice.app */ = {isa = PBXFileReference; explicitFileType = wrapper.application; includeInIndex = 0; path = SizingViewsProperlyPractice.app; sourceTree = BUILT_PRODUCTS_DIR; };
		AC3AE595260ED68800E90872 /* Info.plist */ = {isa = PBXFileReference; lastKnownFileType = text.plist.xml; path = Info.plist; sourceTree = "<group>"; };
		AC3AE59A260ED68900E90872 /* SizingViewsProperlyPractice.app */ = {isa = PBXFileReference; explicitFileType = wrapper.application; includeInIndex = 0; path = SizingViewsProperlyPractice.app; sourceTree = BUILT_PRODUCTS_DIR; };
		AC3AE59C260ED68900E90872 /* Info.plist */ = {isa = PBXFileReference; lastKnownFileType = text.plist.xml; path = Info.plist; sourceTree = "<group>"; };
		AC3AE59D260ED68900E90872 /* macOS.entitlements */ = {isa = PBXFileReference; lastKnownFileType = text.plist.entitlements; path = macOS.entitlements; sourceTree = "<group>"; };
/* End PBXFileReference section */

/* Begin PBXFrameworksBuildPhase section */
		AC3AE58F260ED68800E90872 /* Frameworks */ = {
			isa = PBXFrameworksBuildPhase;
			buildActionMask = 2147483647;
			files = (
			);
			runOnlyForDeploymentPostprocessing = 0;
		};
		AC3AE597260ED68900E90872 /* Frameworks */ = {
			isa = PBXFrameworksBuildPhase;
			buildActionMask = 2147483647;
			files = (
			);
			runOnlyForDeploymentPostprocessing = 0;
		};
/* End PBXFrameworksBuildPhase section */

/* Begin PBXGroup section */
		AC3AE585260ED68700E90872 = {
			isa = PBXGroup;
			children = (
				AC3AE58A260ED68800E90872 /* Shared */,
				AC3AE594260ED68800E90872 /* iOS */,
				AC3AE59B260ED68900E90872 /* macOS */,
				AC3AE593260ED68800E90872 /* Products */,
			);
			sourceTree = "<group>";
		};
		AC3AE58A260ED68800E90872 /* Shared */ = {
			isa = PBXGroup;
			children = (
				AC3AE58B260ED68800E90872 /* SizingViewsProperlyPracticeApp.swift */,
				AC3AE58C260ED68800E90872 /* ContentView.swift */,
				AC3AE58D260ED68800E90872 /* Assets.xcassets */,
			);
			path = Shared;
			sourceTree = "<group>";
		};
		AC3AE593260ED68800E90872 /* Products */ = {
			isa = PBXGroup;
			children = (
				AC3AE592260ED68800E90872 /* SizingViewsProperlyPractice.app */,
				AC3AE59A260ED68900E90872 /* SizingViewsProperlyPractice.app */,
			);
			name = Products;
			sourceTree = "<group>";
		};
		AC3AE594260ED68800E90872 /* iOS */ = {
			isa = PBXGroup;
			children = (
				AC3AE595260ED68800E90872 /* Info.plist */,
			);
			path = iOS;
			sourceTree = "<group>";
		};
		AC3AE59B260ED68900E90872 /* macOS */ = {
			isa = PBXGroup;
			children = (
				AC3AE59C260ED68900E90872 /* Info.plist */,
				AC3AE59D260ED68900E90872 /* macOS.entitlements */,
			);
			path = macOS;
			sourceTree = "<group>";
		};
/* End PBXGroup section */

/* Begin PBXNativeTarget section */
		AC3AE591260ED68800E90872 /* SizingViewsProperlyPractice (iOS) */ = {
			isa = PBXNativeTarget;
			buildConfigurationList = AC3AE5A6260ED68900E90872 /* Build configuration list for PBXNativeTarget "SizingViewsProperlyPractice (iOS)" */;
			buildPhases = (
				AC3AE58E260ED68800E90872 /* Sources */,
				AC3AE58F260ED68800E90872 /* Frameworks */,
				AC3AE590260ED68800E90872 /* Resources */,
			);
			buildRules = (
			);
			dependencies = (
			);
			name = "SizingViewsProperlyPractice (iOS)";
			productName = "SizingViewsProperlyPractice (iOS)";
			productReference = AC3AE592260ED68800E90872 /* SizingViewsProperlyPractice.app */;
			productType = "com.apple.product-type.application";
		};
		AC3AE599260ED68900E90872 /* SizingViewsProperlyPractice (macOS) */ = {
			isa = PBXNativeTarget;
			buildConfigurationList = AC3AE5A9260ED68900E90872 /* Build configuration list for PBXNativeTarget "SizingViewsProperlyPractice (macOS)" */;
			buildPhases = (
				AC3AE596260ED68900E90872 /* Sources */,
				AC3AE597260ED68900E90872 /* Frameworks */,
				AC3AE598260ED68900E90872 /* Resources */,
			);
			buildRules = (
			);
			dependencies = (
			);
			name = "SizingViewsProperlyPractice (macOS)";
			productName = "SizingViewsProperlyPractice (macOS)";
			productReference = AC3AE59A260ED68900E90872 /* SizingViewsProperlyPractice.app */;
			productType = "com.apple.product-type.application";
		};
/* End PBXNativeTarget section */

/* Begin PBXProject section */
		AC3AE586260ED68700E90872 /* Project object */ = {
			isa = PBXProject;
			attributes = {
				LastSwiftUpdateCheck = 1240;
				LastUpgradeCheck = 1240;
				TargetAttributes = {
					AC3AE591260ED68800E90872 = {
						CreatedOnToolsVersion = 12.4;
					};
					AC3AE599260ED68900E90872 = {
						CreatedOnToolsVersion = 12.4;
					};
				};
			};
			buildConfigurationList = AC3AE589260ED68700E90872 /* Build configuration list for PBXProject "SizingViewsProperlyPractice" */;
			compatibilityVersion = "Xcode 9.3";
			developmentRegion = en;
			hasScannedForEncodings = 0;
			knownRegions = (
				en,
				Base,
			);
			mainGroup = AC3AE585260ED68700E90872;
			productRefGroup = AC3AE593260ED68800E90872 /* Products */;
			projectDirPath = "";
			projectRoot = "";
			targets = (
				AC3AE591260ED68800E90872 /* SizingViewsProperlyPractice (iOS) */,
				AC3AE599260ED68900E90872 /* SizingViewsProperlyPractice (macOS) */,
			);
		};
/* End PBXProject section */

/* Begin PBXResourcesBuildPhase section */
		AC3AE590260ED68800E90872 /* Resources */ = {
			isa = PBXResourcesBuildPhase;
			buildActionMask = 2147483647;
			files = (
				AC3AE5A2260ED68900E90872 /* Assets.xcassets in Resources */,
			);
			runOnlyForDeploymentPostprocessing = 0;
		};
		AC3AE598260ED68900E90872 /* Resources */ = {
			isa = PBXResourcesBuildPhase;
			buildActionMask = 2147483647;
			files = (
				AC3AE5A3260ED68900E90872 /* Assets.xcassets in Resources */,
			);
			runOnlyForDeploymentPostprocessing = 0;
		};
/* End PBXResourcesBuildPhase section */

/* Begin PBXSourcesBuildPhase section */
		AC3AE58E260ED68800E90872 /* Sources */ = {
			isa = PBXSourcesBuildPhase;
			buildActionMask = 2147483647;
			files = (
				AC3AE5A0260ED68900E90872 /* ContentView.swift in Sources */,
				AC3AE59E260ED68900E90872 /* SizingViewsProperlyPracticeApp.swift in Sources */,
			);
			runOnlyForDeploymentPostprocessing = 0;
		};
		AC3AE596260ED68900E90872 /* Sources */ = {
			isa = PBXSourcesBuildPhase;
			buildActionMask = 2147483647;
			files = (
				AC3AE5A1260ED68900E90872 /* ContentView.swift in Sources */,
				AC3AE59F260ED68900E90872 /* SizingViewsProperlyPracticeApp.swift in Sources */,
			);
			runOnlyForDeploymentPostprocessing = 0;
		};
/* End PBXSourcesBuildPhase section */

/* Begin XCBuildConfiguration section */
		AC3AE5A4260ED68900E90872 /* Debug */ = {
			isa = XCBuildConfiguration;
			buildSettings = {
				ALWAYS_SEARCH_USER_PATHS = NO;
				CLANG_ANALYZER_NONNULL = YES;
				CLANG_ANALYZER_NUMBER_OBJECT_CONVERSION = YES_AGGRESSIVE;
				CLANG_CXX_LANGUAGE_STANDARD = "gnu++14";
				CLANG_CXX_LIBRARY = "libc++";
				CLANG_ENABLE_MODULES = YES;
				CLANG_ENABLE_OBJC_ARC = YES;
				CLANG_ENABLE_OBJC_WEAK = YES;
				CLANG_WARN_BLOCK_CAPTURE_AUTORELEASING = YES;
				CLANG_WARN_BOOL_CONVERSION = YES;
				CLANG_WARN_COMMA = YES;
				CLANG_WARN_CONSTANT_CONVERSION = YES;
				CLANG_WARN_DEPRECATED_OBJC_IMPLEMENTATIONS = YES;
				CLANG_WARN_DIRECT_OBJC_ISA_USAGE = YES_ERROR;
				CLANG_WARN_DOCUMENTATION_COMMENTS = YES;
				CLANG_WARN_EMPTY_BODY = YES;
				CLANG_WARN_ENUM_CONVERSION = YES;
				CLANG_WARN_INFINITE_RECURSION = YES;
				CLANG_WARN_INT_CONVERSION = YES;
				CLANG_WARN_NON_LITERAL_NULL_CONVERSION = YES;
				CLANG_WARN_OBJC_IMPLICIT_RETAIN_SELF = YES;
				CLANG_WARN_OBJC_LITERAL_CONVERSION = YES;
				CLANG_WARN_OBJC_ROOT_CLASS = YES_ERROR;
				CLANG_WARN_QUOTED_INCLUDE_IN_FRAMEWORK_HEADER = YES;
				CLANG_WARN_RANGE_LOOP_ANALYSIS = YES;
				CLANG_WARN_STRICT_PROTOTYPES = YES;
				CLANG_WARN_SUSPICIOUS_MOVE = YES;
				CLANG_WARN_UNGUARDED_AVAILABILITY = YES_AGGRESSIVE;
				CLANG_WARN_UNREACHABLE_CODE = YES;
				CLANG_WARN__DUPLICATE_METHOD_MATCH = YES;
				COPY_PHASE_STRIP = NO;
				DEBUG_INFORMATION_FORMAT = dwarf;
				ENABLE_STRICT_OBJC_MSGSEND = YES;
				ENABLE_TESTABILITY = YES;
				GCC_C_LANGUAGE_STANDARD = gnu11;
				GCC_DYNAMIC_NO_PIC = NO;
				GCC_NO_COMMON_BLOCKS = YES;
				GCC_OPTIMIZATION_LEVEL = 0;
				GCC_PREPROCESSOR_DEFINITIONS = (
					"DEBUG=1",
					"$(inherited)",
				);
				GCC_WARN_64_TO_32_BIT_CONVERSION = YES;
				GCC_WARN_ABOUT_RETURN_TYPE = YES_ERROR;
				GCC_WARN_UNDECLARED_SELECTOR = YES;
				GCC_WARN_UNINITIALIZED_AUTOS = YES_AGGRESSIVE;
				GCC_WARN_UNUSED_FUNCTION = YES;
				GCC_WARN_UNUSED_VARIABLE = YES;
				MTL_ENABLE_DEBUG_INFO = INCLUDE_SOURCE;
				MTL_FAST_MATH = YES;
				ONLY_ACTIVE_ARCH = YES;
				SWIFT_ACTIVE_COMPILATION_CONDITIONS = DEBUG;
				SWIFT_OPTIMIZATION_LEVEL = "-Onone";
			};
			name = Debug;
		};
		AC3AE5A5260ED68900E90872 /* Release */ = {
			isa = XCBuildConfiguration;
			buildSettings = {
				ALWAYS_SEARCH_USER_PATHS = NO;
				CLANG_ANALYZER_NONNULL = YES;
				CLANG_ANALYZER_NUMBER_OBJECT_CONVERSION = YES_AGGRESSIVE;
				CLANG_CXX_LANGUAGE_STANDARD = "gnu++14";
				CLANG_CXX_LIBRARY = "libc++";
				CLANG_ENABLE_MODULES = YES;
				CLANG_ENABLE_OBJC_ARC = YES;
				CLANG_ENABLE_OBJC_WEAK = YES;
				CLANG_WARN_BLOCK_CAPTURE_AUTORELEASING = YES;
				CLANG_WARN_BOOL_CONVERSION = YES;
				CLANG_WARN_COMMA = YES;
				CLANG_WARN_CONSTANT_CONVERSION = YES;
				CLANG_WARN_DEPRECATED_OBJC_IMPLEMENTATIONS = YES;
				CLANG_WARN_DIRECT_OBJC_ISA_USAGE = YES_ERROR;
				CLANG_WARN_DOCUMENTATION_COMMENTS = YES;
				CLANG_WARN_EMPTY_BODY = YES;
				CLANG_WARN_ENUM_CONVERSION = YES;
				CLANG_WARN_INFINITE_RECURSION = YES;
				CLANG_WARN_INT_CONVERSION = YES;
				CLANG_WARN_NON_LITERAL_NULL_CONVERSION = YES;
				CLANG_WARN_OBJC_IMPLICIT_RETAIN_SELF = YES;
				CLANG_WARN_OBJC_LITERAL_CONVERSION = YES;
				CLANG_WARN_OBJC_ROOT_CLASS = YES_ERROR;
				CLANG_WARN_QUOTED_INCLUDE_IN_FRAMEWORK_HEADER = YES;
				CLANG_WARN_RANGE_LOOP_ANALYSIS = YES;
				CLANG_WARN_STRICT_PROTOTYPES = YES;
				CLANG_WARN_SUSPICIOUS_MOVE = YES;
				CLANG_WARN_UNGUARDED_AVAILABILITY = YES_AGGRESSIVE;
				CLANG_WARN_UNREACHABLE_CODE = YES;
				CLANG_WARN__DUPLICATE_METHOD_MATCH = YES;
				COPY_PHASE_STRIP = NO;
				DEBUG_INFORMATION_FORMAT = "dwarf-with-dsym";
				ENABLE_NS_ASSERTIONS = NO;
				ENABLE_STRICT_OBJC_MSGSEND = YES;
				GCC_C_LANGUAGE_STANDARD = gnu11;
				GCC_NO_COMMON_BLOCKS = YES;
				GCC_WARN_64_TO_32_BIT_CONVERSION = YES;
				GCC_WARN_ABOUT_RETURN_TYPE = YES_ERROR;
				GCC_WARN_UNDECLARED_SELECTOR = YES;
				GCC_WARN_UNINITIALIZED_AUTOS = YES_AGGRESSIVE;
				GCC_WARN_UNUSED_FUNCTION = YES;
				GCC_WARN_UNUSED_VARIABLE = YES;
				MTL_ENABLE_DEBUG_INFO = NO;
				MTL_FAST_MATH = YES;
				SWIFT_COMPILATION_MODE = wholemodule;
				SWIFT_OPTIMIZATION_LEVEL = "-O";
			};
			name = Release;
		};
		AC3AE5A7260ED68900E90872 /* Debug */ = {
			isa = XCBuildConfiguration;
			buildSettings = {
				ASSETCATALOG_COMPILER_APPICON_NAME = AppIcon;
				ASSETCATALOG_COMPILER_GLOBAL_ACCENT_COLOR_NAME = AccentColor;
				CODE_SIGN_STYLE = Automatic;
				DEVELOPMENT_TEAM = G6J4RFMLHY;
				ENABLE_PREVIEWS = YES;
				INFOPLIST_FILE = iOS/Info.plist;
				IPHONEOS_DEPLOYMENT_TARGET = 14.0;
				LD_RUNPATH_SEARCH_PATHS = (
					"$(inherited)",
					"@executable_path/Frameworks",
				);
				PRODUCT_BUNDLE_IDENTIFIER = com.frederickjavalera.SizingViewsProperlyPractice;
				PRODUCT_NAME = SizingViewsProperlyPractice;
				SDKROOT = iphoneos;
				SWIFT_VERSION = 5.0;
				TARGETED_DEVICE_FAMILY = "1,2";
			};
			name = Debug;
		};
		AC3AE5A8260ED68900E90872 /* Release */ = {
			isa = XCBuildConfiguration;
			buildSettings = {
				ASSETCATALOG_COMPILER_APPICON_NAME = AppIcon;
				ASSETCATALOG_COMPILER_GLOBAL_ACCENT_COLOR_NAME = AccentColor;
				CODE_SIGN_STYLE = Automatic;
				DEVELOPMENT_TEAM = G6J4RFMLHY;
				ENABLE_PREVIEWS = YES;
				INFOPLIST_FILE = iOS/Info.plist;
				IPHONEOS_DEPLOYMENT_TARGET = 14.0;
				LD_RUNPATH_SEARCH_PATHS = (
					"$(inherited)",
					"@executable_path/Frameworks",
				);
				PRODUCT_BUNDLE_IDENTIFIER = com.frederickjavalera.SizingViewsProperlyPractice;
				PRODUCT_NAME = SizingViewsProperlyPractice;
				SDKROOT = iphoneos;
				SWIFT_VERSION = 5.0;
				TARGETED_DEVICE_FAMILY = "1,2";
				VALIDATE_PRODUCT = YES;
			};
			name = Release;
		};
		AC3AE5AA260ED68900E90872 /* Debug */ = {
			isa = XCBuildConfiguration;
			buildSettings = {
				ASSETCATALOG_COMPILER_APPICON_NAME = AppIcon;
				ASSETCATALOG_COMPILER_GLOBAL_ACCENT_COLOR_NAME = AccentColor;
				CODE_SIGN_ENTITLEMENTS = macOS/macOS.entitlements;
				CODE_SIGN_STYLE = Automatic;
				COMBINE_HIDPI_IMAGES = YES;
				DEVELOPMENT_TEAM = G6J4RFMLHY;
				ENABLE_HARDENED_RUNTIME = YES;
				ENABLE_PREVIEWS = YES;
				INFOPLIST_FILE = macOS/Info.plist;
				LD_RUNPATH_SEARCH_PATHS = (
					"$(inherited)",
					"@executable_path/../Frameworks",
				);
				MACOSX_DEPLOYMENT_TARGET = 11.0;
				PRODUCT_BUNDLE_IDENTIFIER = com.frederickjavalera.SizingViewsProperlyPractice;
				PRODUCT_NAME = SizingViewsProperlyPractice;
				SDKROOT = macosx;
				SWIFT_VERSION = 5.0;
			};
			name = Debug;
		};
		AC3AE5AB260ED68900E90872 /* Release */ = {
			isa = XCBuildConfiguration;
			buildSettings = {
				ASSETCATALOG_COMPILER_APPICON_NAME = AppIcon;
				ASSETCATALOG_COMPILER_GLOBAL_ACCENT_COLOR_NAME = AccentColor;
				CODE_SIGN_ENTITLEMENTS = macOS/macOS.entitlements;
				CODE_SIGN_STYLE = Automatic;
				COMBINE_HIDPI_IMAGES = YES;
				DEVELOPMENT_TEAM = G6J4RFMLHY;
				ENABLE_HARDENED_RUNTIME = YES;
				ENABLE_PREVIEWS = YES;
				INFOPLIST_FILE = macOS/Info.plist;
				LD_RUNPATH_SEARCH_PATHS = (
					"$(inherited)",
					"@executable_path/../Frameworks",
				);
				MACOSX_DEPLOYMENT_TARGET = 11.0;
				PRODUCT_BUNDLE_IDENTIFIER = com.frederickjavalera.SizingViewsProperlyPractice;
				PRODUCT_NAME = SizingViewsProperlyPractice;
				SDKROOT = macosx;
				SWIFT_VERSION = 5.0;
			};
			name = Release;
		};
/* End XCBuildConfiguration section */

/* Begin XCConfigurationList section */
		AC3AE589260ED68700E90872 /* Build configuration list for PBXProject "SizingViewsProperlyPractice" */ = {
			isa = XCConfigurationList;
			buildConfigurations = (
				AC3AE5A4260ED68900E90872 /* Debug */,
				AC3AE5A5260ED68900E90872 /* Release */,
			);
			defaultConfigurationIsVisible = 0;
			defaultConfigurationName = Release;
		};
		AC3AE5A6260ED68900E90872 /* Build configuration list for PBXNativeTarget "SizingViewsProperlyPractice (iOS)" */ = {
			isa = XCConfigurationList;
			buildConfigurations = (
				AC3AE5A7260ED68900E90872 /* Debug */,
				AC3AE5A8260ED68900E90872 /* Release */,
			);
			defaultConfigurationIsVisible = 0;
			defaultConfigurationName = Release;
		};
		AC3AE5A9260ED68900E90872 /* Build configuration list for PBXNativeTarget "SizingViewsProperlyPractice (macOS)" */ = {
			isa = XCConfigurationList;
			buildConfigurations = (
				AC3AE5AA260ED68900E90872 /* Debug */,
				AC3AE5AB260ED68900E90872 /* Release */,
			);
			defaultConfigurationIsVisible = 0;
			defaultConfigurationName = Release;
		};
/* End XCConfigurationList section */
	};
	rootObject = AC3AE586260ED68700E90872 /* Project object */;
}
